{
  "name": "bauspec",
  "version": "1.0.0",
  "lockfileVersion": 3,
  "requires": true,
  "packages": {
    "": {
      "name": "bauspec",
      "version": "1.0.0",
      "license": "MIT",
      "bin": {
        "bauspec": "bin/bauspec.mjs"
      },
      "engines": {
        "node": ">=22.14.0"
      }
    }
  }
}